
Microsoft Visual Studio Solution File, Format Version 12.00
# Visual Studio Version 16
VisualStudioVersion = 16.0.29709.97
MinimumVisualStudioVersion = 10.0.40219.1
Project("{FAE04EC0-301F-11D3-BF4B-00C04F79EFBC}") = "Simulacao", "Simulacao\Simulacao.csproj", "{DEE93258-62CE-4C45-9747-DAF53AD6A652}"
EndProject
Global
	GlobalSection(SolutionConfigurationPlatforms) = preSolution
		Debug|Any CPU = Debug|Any CPU
		Release|Any CPU = Release|Any CPU
	EndGlobalSection
	GlobalSection(ProjectConfigurationPlatforms) = postSolution
		{DEE93258-62CE-4C45-9747-DAF53AD6A652}.Debug|Any CPU.ActiveCfg = Debug|Any CPU
		{DEE93258-62CE-4C45-9747-DAF53AD6A652}.Debug|Any CPU.Build.0 = Debug|Any CPU
		{DEE93258-62CE-4C45-9747-DAF53AD6A652}.Release|Any CPU.ActiveCfg = Release|Any CPU
		{DEE93258-62CE-4C45-9747-DAF53AD6A652}.Release|Any CPU.Build.0 = Release|Any CPU
	EndGlobalSection
	GlobalSection(SolutionProperties) = preSolution
		HideSolutionNode = FALSE
	EndGlobalSection
	GlobalSection(ExtensibilityGlobals) = postSolution
		SolutionGuid = {95925398-8907-41DF-9B1F-7130286D01ED}
	EndGlobalSection
EndGlobal
